
Microsoft Visual Studio Solution File, Format Version 12.00
# Visual Studio Version 16
VisualStudioVersion = 16.0.29411.108
MinimumVisualStudioVersion = 10.0.40219.1
Project("{9A19103F-16F7-4668-BE54-9A1E7A4F7556}") = "homectl-api-server", "homectl-api-server\homectl-api-server.csproj", "{603F2D50-7947-4C3E-9752-4AB6150F6E89}"
EndProject
Project("{2150E333-8FDC-42A3-9474-1A3956D46DE8}") = "libs", "libs", "{5079F661-0DA6-4F58-81BD-15796A108A92}"
EndProject
Project("{9A19103F-16F7-4668-BE54-9A1E7A4F7556}") = "homectl-kinds", "libs\homectl-kinds\homectl-kinds.csproj", "{EAE679D5-6B86-4458-BA52-7EFA0F418948}"
EndProject
Project("{9A19103F-16F7-4668-BE54-9A1E7A4F7556}") = "homectl-host", "libs\homectl-host\homectl-host.csproj", "{DB5A642F-94B7-4352-A491-2CB0DEE0CA4C}"
EndProject
Project("{9A19103F-16F7-4668-BE54-9A1E7A4F7556}") = "homectl-servers-protocol", "libs\homectl-servers-protocol\homectl-servers-protocol.csproj", "{B2A6D22E-0A92-45A1-A146-08640D2E8C84}"
EndProject
Project("{2150E333-8FDC-42A3-9474-1A3956D46DE8}") = "tests", "tests", "{D8BB7D0F-17ED-484C-BFE2-9D73028030F8}"
EndProject
Project("{9A19103F-16F7-4668-BE54-9A1E7A4F7556}") = "homectl-clients-protocol", "libs\homectl-clients-protocol\homectl-clients-protocol.csproj", "{77A801F7-5A6F-4971-BA58-B86A13358950}"
EndProject
Project("{9A19103F-16F7-4668-BE54-9A1E7A4F7556}") = "homectl-events", "libs\homectl-events\homectl-events.csproj", "{83B35806-5951-44DE-BF5C-94FC00315273}"
EndProject
Project("{9A19103F-16F7-4668-BE54-9A1E7A4F7556}") = "homectl-server-connection-tests", "..\..\tests\homectl-server-connection-tests\homectl-server-connection-tests.csproj", "{BEBF69DE-E7CB-40EF-B62F-5D532F0F1694}"
EndProject
Project("{9A19103F-16F7-4668-BE54-9A1E7A4F7556}") = "homectl-server-connection", "libs\homectl-server-connection\homectl-server-connection.csproj", "{1807FDF1-0967-4BAF-A149-61685311D6AC}"
EndProject
Project("{FAE04EC0-301F-11D3-BF4B-00C04F79EFBC}") = "homectl-resources", "libs\homectl-resources\homectl-resources.csproj", "{1C3A22AB-A2D0-4DE9-AF31-C66AACCDB05B}"
EndProject
Project("{FAE04EC0-301F-11D3-BF4B-00C04F79EFBC}") = "homectl-kinds-tests", "..\..\tests\homectl-kinds-tests\homectl-kinds-tests.csproj", "{574DFB4C-8DE7-485A-B200-A3896CD67DCD}"
EndProject
Global
	GlobalSection(SolutionConfigurationPlatforms) = preSolution
		Debug|Any CPU = Debug|Any CPU
		Release|Any CPU = Release|Any CPU
	EndGlobalSection
	GlobalSection(ProjectConfigurationPlatforms) = postSolution
		{603F2D50-7947-4C3E-9752-4AB6150F6E89}.Debug|Any CPU.ActiveCfg = Debug|Any CPU
		{603F2D50-7947-4C3E-9752-4AB6150F6E89}.Debug|Any CPU.Build.0 = Debug|Any CPU
		{603F2D50-7947-4C3E-9752-4AB6150F6E89}.Release|Any CPU.ActiveCfg = Release|Any CPU
		{603F2D50-7947-4C3E-9752-4AB6150F6E89}.Release|Any CPU.Build.0 = Release|Any CPU
		{EAE679D5-6B86-4458-BA52-7EFA0F418948}.Debug|Any CPU.ActiveCfg = Debug|Any CPU
		{EAE679D5-6B86-4458-BA52-7EFA0F418948}.Debug|Any CPU.Build.0 = Debug|Any CPU
		{EAE679D5-6B86-4458-BA52-7EFA0F418948}.Release|Any CPU.ActiveCfg = Release|Any CPU
		{EAE679D5-6B86-4458-BA52-7EFA0F418948}.Release|Any CPU.Build.0 = Release|Any CPU
		{DB5A642F-94B7-4352-A491-2CB0DEE0CA4C}.Debug|Any CPU.ActiveCfg = Debug|Any CPU
		{DB5A642F-94B7-4352-A491-2CB0DEE0CA4C}.Debug|Any CPU.Build.0 = Debug|Any CPU
		{DB5A642F-94B7-4352-A491-2CB0DEE0CA4C}.Release|Any CPU.ActiveCfg = Release|Any CPU
		{DB5A642F-94B7-4352-A491-2CB0DEE0CA4C}.Release|Any CPU.Build.0 = Release|Any CPU
		{B2A6D22E-0A92-45A1-A146-08640D2E8C84}.Debug|Any CPU.ActiveCfg = Debug|Any CPU
		{B2A6D22E-0A92-45A1-A146-08640D2E8C84}.Debug|Any CPU.Build.0 = Debug|Any CPU
		{B2A6D22E-0A92-45A1-A146-08640D2E8C84}.Release|Any CPU.ActiveCfg = Release|Any CPU
		{B2A6D22E-0A92-45A1-A146-08640D2E8C84}.Release|Any CPU.Build.0 = Release|Any CPU
		{77A801F7-5A6F-4971-BA58-B86A13358950}.Debug|Any CPU.ActiveCfg = Debug|Any CPU
		{77A801F7-5A6F-4971-BA58-B86A13358950}.Debug|Any CPU.Build.0 = Debug|Any CPU
		{77A801F7-5A6F-4971-BA58-B86A13358950}.Release|Any CPU.ActiveCfg = Release|Any CPU
		{77A801F7-5A6F-4971-BA58-B86A13358950}.Release|Any CPU.Build.0 = Release|Any CPU
		{83B35806-5951-44DE-BF5C-94FC00315273}.Debug|Any CPU.ActiveCfg = Debug|Any CPU
		{83B35806-5951-44DE-BF5C-94FC00315273}.Debug|Any CPU.Build.0 = Debug|Any CPU
		{83B35806-5951-44DE-BF5C-94FC00315273}.Release|Any CPU.ActiveCfg = Release|Any CPU
		{83B35806-5951-44DE-BF5C-94FC00315273}.Release|Any CPU.Build.0 = Release|Any CPU
		{BEBF69DE-E7CB-40EF-B62F-5D532F0F1694}.Debug|Any CPU.ActiveCfg = Debug|Any CPU
		{BEBF69DE-E7CB-40EF-B62F-5D532F0F1694}.Debug|Any CPU.Build.0 = Debug|Any CPU
		{BEBF69DE-E7CB-40EF-B62F-5D532F0F1694}.Release|Any CPU.ActiveCfg = Release|Any CPU
		{BEBF69DE-E7CB-40EF-B62F-5D532F0F1694}.Release|Any CPU.Build.0 = Release|Any CPU
		{1807FDF1-0967-4BAF-A149-61685311D6AC}.Debug|Any CPU.ActiveCfg = Debug|Any CPU
		{1807FDF1-0967-4BAF-A149-61685311D6AC}.Debug|Any CPU.Build.0 = Debug|Any CPU
		{1807FDF1-0967-4BAF-A149-61685311D6AC}.Release|Any CPU.ActiveCfg = Release|Any CPU
		{1807FDF1-0967-4BAF-A149-61685311D6AC}.Release|Any CPU.Build.0 = Release|Any CPU
		{1C3A22AB-A2D0-4DE9-AF31-C66AACCDB05B}.Debug|Any CPU.ActiveCfg = Debug|Any CPU
		{1C3A22AB-A2D0-4DE9-AF31-C66AACCDB05B}.Debug|Any CPU.Build.0 = Debug|Any CPU
		{1C3A22AB-A2D0-4DE9-AF31-C66AACCDB05B}.Release|Any CPU.ActiveCfg = Release|Any CPU
		{1C3A22AB-A2D0-4DE9-AF31-C66AACCDB05B}.Release|Any CPU.Build.0 = Release|Any CPU
		{574DFB4C-8DE7-485A-B200-A3896CD67DCD}.Debug|Any CPU.ActiveCfg = Debug|Any CPU
		{574DFB4C-8DE7-485A-B200-A3896CD67DCD}.Debug|Any CPU.Build.0 = Debug|Any CPU
		{574DFB4C-8DE7-485A-B200-A3896CD67DCD}.Release|Any CPU.ActiveCfg = Release|Any CPU
		{574DFB4C-8DE7-485A-B200-A3896CD67DCD}.Release|Any CPU.Build.0 = Release|Any CPU
	EndGlobalSection
	GlobalSection(SolutionProperties) = preSolution
		HideSolutionNode = FALSE
	EndGlobalSection
	GlobalSection(NestedProjects) = preSolution
		{EAE679D5-6B86-4458-BA52-7EFA0F418948} = {5079F661-0DA6-4F58-81BD-15796A108A92}
		{DB5A642F-94B7-4352-A491-2CB0DEE0CA4C} = {5079F661-0DA6-4F58-81BD-15796A108A92}
		{B2A6D22E-0A92-45A1-A146-08640D2E8C84} = {5079F661-0DA6-4F58-81BD-15796A108A92}
		{77A801F7-5A6F-4971-BA58-B86A13358950} = {5079F661-0DA6-4F58-81BD-15796A108A92}
		{83B35806-5951-44DE-BF5C-94FC00315273} = {5079F661-0DA6-4F58-81BD-15796A108A92}
		{BEBF69DE-E7CB-40EF-B62F-5D532F0F1694} = {D8BB7D0F-17ED-484C-BFE2-9D73028030F8}
		{1807FDF1-0967-4BAF-A149-61685311D6AC} = {5079F661-0DA6-4F58-81BD-15796A108A92}
		{1C3A22AB-A2D0-4DE9-AF31-C66AACCDB05B} = {5079F661-0DA6-4F58-81BD-15796A108A92}
		{574DFB4C-8DE7-485A-B200-A3896CD67DCD} = {D8BB7D0F-17ED-484C-BFE2-9D73028030F8}
	EndGlobalSection
	GlobalSection(ExtensibilityGlobals) = postSolution
		SolutionGuid = {84ADA937-A738-4247-A437-DEFC9D1023FF}
	EndGlobalSection
EndGlobal
